{
  "name": "realtimebustracking",
  "version": "1.0.0",
  "lockfileVersion": 2,
  "requires": true,
  "packages": {
    "": {
      "name": "realtimebustracking",
      "version": "1.0.0",
      "license": "ISC",
      "dependencies": {
        "txt-file-to-json": "^3.0.6"
      }
    },
    "node_modules/txt-file-to-json": {
      "version": "3.0.6",
      "resolved": "https://registry.npmjs.org/txt-file-to-json/-/txt-file-to-json-3.0.6.tgz",
      "integrity": "sha512-DoMaLb7+UTPVRSO+lrKpI/v/md8ONdH1WMyG2V1A8vcwNH6NRkVUXy+kv2e42eSWQPnZ/e2mDTmPqyP+VFN/2A=="
    }
  },
  "dependencies": {
    "txt-file-to-json": {
      "version": "3.0.6",
      "resolved": "https://registry.npmjs.org/txt-file-to-json/-/txt-file-to-json-3.0.6.tgz",
      "integrity": "sha512-DoMaLb7+UTPVRSO+lrKpI/v/md8ONdH1WMyG2V1A8vcwNH6NRkVUXy+kv2e42eSWQPnZ/e2mDTmPqyP+VFN/2A=="
    }
  }
}
